<?xml version="1.0" encoding="utf-8"?>
<Project ToolsVersion="4.0" xmlns="http://schemas.microsoft.com/developer/msbuild/2003">
  <ItemGroup>
    <Filter Include="Source Files">
      <UniqueIdentifier>{7470de6c-69fe-4f15-b659-b5cd25054cd6}</UniqueIdentifier>
    </Filter>
    <Filter Include="Header Files">
      <UniqueIdentifier>{12762bb2-b714-4c4f-8743-b9a779b2f855}</UniqueIdentifier>
    </Filter>
  </ItemGroup>
  <ItemGroup>
    <ClCompile Include="ardemobin.c">
      <Filter>Source Files</Filter>
    </ClCompile>
  </ItemGroup>
</Project>